
Microsoft Visual Studio Solution File, Format Version 12.00
# Visual Studio 15
VisualStudioVersion = 15.0.27428.2015
MinimumVisualStudioVersion = 10.0.40219.1
Project("{FAE04EC0-301F-11D3-BF4B-00C04F79EFBC}") = "FileIOC", "FileIOC\FileIOC.csproj", "{D4AA577E-B0C4-4243-ABF6-B715986C0141}"
EndProject
Global
	GlobalSection(SolutionConfigurationPlatforms) = preSolution
		Debug|Any CPU = Debug|Any CPU
		Release|Any CPU = Release|Any CPU
	EndGlobalSection
	GlobalSection(ProjectConfigurationPlatforms) = postSolution
		{D4AA577E-B0C4-4243-ABF6-B715986C0141}.Debug|Any CPU.ActiveCfg = Debug|Any CPU
		{D4AA577E-B0C4-4243-ABF6-B715986C0141}.Debug|Any CPU.Build.0 = Debug|Any CPU
		{D4AA577E-B0C4-4243-ABF6-B715986C0141}.Release|Any CPU.ActiveCfg = Release|Any CPU
		{D4AA577E-B0C4-4243-ABF6-B715986C0141}.Release|Any CPU.Build.0 = Release|Any CPU
	EndGlobalSection
	GlobalSection(SolutionProperties) = preSolution
		HideSolutionNode = FALSE
	EndGlobalSection
	GlobalSection(ExtensibilityGlobals) = postSolution
		SolutionGuid = {FA29FA44-24AD-4B1D-A1E6-7D49B1E7B9DE}
	EndGlobalSection
EndGlobal
